
Microsoft Visual Studio Solution File, Format Version 12.00
# Visual Studio Version 16
VisualStudioVersion = 16.0.34031.81
MinimumVisualStudioVersion = 10.0.40219.1
Project("{FAE04EC0-301F-11D3-BF4B-00C04F79EFBC}") = "calculadoraApp", "calculadoraApp\calculadoraApp.csproj", "{B908F5E6-2EA3-4A24-9877-E78B310D36F0}"
EndProject
Global
	GlobalSection(SolutionConfigurationPlatforms) = preSolution
		Debug|Any CPU = Debug|Any CPU
		Release|Any CPU = Release|Any CPU
	EndGlobalSection
	GlobalSection(ProjectConfigurationPlatforms) = postSolution
		{B908F5E6-2EA3-4A24-9877-E78B310D36F0}.Debug|Any CPU.ActiveCfg = Debug|Any CPU
		{B908F5E6-2EA3-4A24-9877-E78B310D36F0}.Debug|Any CPU.Build.0 = Debug|Any CPU
		{B908F5E6-2EA3-4A24-9877-E78B310D36F0}.Release|Any CPU.ActiveCfg = Release|Any CPU
		{B908F5E6-2EA3-4A24-9877-E78B310D36F0}.Release|Any CPU.Build.0 = Release|Any CPU
	EndGlobalSection
	GlobalSection(SolutionProperties) = preSolution
		HideSolutionNode = FALSE
	EndGlobalSection
	GlobalSection(ExtensibilityGlobals) = postSolution
		SolutionGuid = {269C977E-CE4C-409A-A2D1-580A7389BB88}
	EndGlobalSection
EndGlobal
